
Microsoft Visual Studio Solution File, Format Version 12.00
# Visual Studio 14
VisualStudioVersion = 14.0.25420.1
MinimumVisualStudioVersion = 10.0.40219.1
Project("{FAE04EC0-301F-11D3-BF4B-00C04F79EFBC}") = "CsvGnome", "CsvGnome\CsvGnome.csproj", "{80ABA683-8D79-4D74-8FCF-0BB8B2694D8C}"
EndProject
Project("{FAE04EC0-301F-11D3-BF4B-00C04F79EFBC}") = "CsvGnomeTests", "CsvGnomeTests\CsvGnomeTests.csproj", "{B4AA83F2-3AD9-4EAF-B668-7428CB95AA1D}"
EndProject
Project("{FAE04EC0-301F-11D3-BF4B-00C04F79EFBC}") = "CsvGnomeScript", "CsvGnomeScript\CsvGnomeScript.csproj", "{9D24F971-078D-406C-8485-821B81D8F947}"
EndProject
Project("{FAE04EC0-301F-11D3-BF4B-00C04F79EFBC}") = "CsvGnomeScriptTest", "CsvGnomeScriptTest\CsvGnomeScriptTest.csproj", "{02A6A103-94A1-4879-BC1A-8EBBE27DDF96}"
EndProject
Project("{FAE04EC0-301F-11D3-BF4B-00C04F79EFBC}") = "CsvGnomeScriptApi", "CsvGnomeScriptApi\CsvGnomeScriptApi.csproj", "{250342E5-8524-4380-8609-21E2D3C5260C}"
EndProject
Project("{FAE04EC0-301F-11D3-BF4B-00C04F79EFBC}") = "LuaScript", "LuaScript\LuaScript.csproj", "{F21B90B2-9D23-4F64-ACF1-23D93442D479}"
EndProject
Project("{FAE04EC0-301F-11D3-BF4B-00C04F79EFBC}") = "CsvGnomeStandAlone", "CsvGnomeStandAlone\CsvGnomeStandAlone.csproj", "{D162B4FA-871F-4C69-B319-00F84DB82004}"
EndProject
Project("{FAE04EC0-301F-11D3-BF4B-00C04F79EFBC}") = "CsvGnomeCli", "CsvGnomeCli\CsvGnomeCli.csproj", "{D8396BA0-BE77-41FB-B372-5E410CC29007}"
EndProject
Project("{FAE04EC0-301F-11D3-BF4B-00C04F79EFBC}") = "CsvGnomeCliTest", "CsvGnomeCliTest\CsvGnomeCliTest.csproj", "{BD7EC3C6-7824-44AC-8381-DF2B366D1292}"
EndProject
Global
	GlobalSection(SolutionConfigurationPlatforms) = preSolution
		Debug|Any CPU = Debug|Any CPU
		Release|Any CPU = Release|Any CPU
	EndGlobalSection
	GlobalSection(ProjectConfigurationPlatforms) = postSolution
		{80ABA683-8D79-4D74-8FCF-0BB8B2694D8C}.Debug|Any CPU.ActiveCfg = Debug|Any CPU
		{80ABA683-8D79-4D74-8FCF-0BB8B2694D8C}.Debug|Any CPU.Build.0 = Debug|Any CPU
		{80ABA683-8D79-4D74-8FCF-0BB8B2694D8C}.Release|Any CPU.ActiveCfg = Release|Any CPU
		{80ABA683-8D79-4D74-8FCF-0BB8B2694D8C}.Release|Any CPU.Build.0 = Release|Any CPU
		{B4AA83F2-3AD9-4EAF-B668-7428CB95AA1D}.Debug|Any CPU.ActiveCfg = Debug|Any CPU
		{B4AA83F2-3AD9-4EAF-B668-7428CB95AA1D}.Debug|Any CPU.Build.0 = Debug|Any CPU
		{B4AA83F2-3AD9-4EAF-B668-7428CB95AA1D}.Release|Any CPU.ActiveCfg = Release|Any CPU
		{B4AA83F2-3AD9-4EAF-B668-7428CB95AA1D}.Release|Any CPU.Build.0 = Release|Any CPU
		{9D24F971-078D-406C-8485-821B81D8F947}.Debug|Any CPU.ActiveCfg = Debug|Any CPU
		{9D24F971-078D-406C-8485-821B81D8F947}.Debug|Any CPU.Build.0 = Debug|Any CPU
		{9D24F971-078D-406C-8485-821B81D8F947}.Release|Any CPU.ActiveCfg = Release|Any CPU
		{9D24F971-078D-406C-8485-821B81D8F947}.Release|Any CPU.Build.0 = Release|Any CPU
		{02A6A103-94A1-4879-BC1A-8EBBE27DDF96}.Debug|Any CPU.ActiveCfg = Debug|Any CPU
		{02A6A103-94A1-4879-BC1A-8EBBE27DDF96}.Debug|Any CPU.Build.0 = Debug|Any CPU
		{02A6A103-94A1-4879-BC1A-8EBBE27DDF96}.Release|Any CPU.ActiveCfg = Release|Any CPU
		{02A6A103-94A1-4879-BC1A-8EBBE27DDF96}.Release|Any CPU.Build.0 = Release|Any CPU
		{250342E5-8524-4380-8609-21E2D3C5260C}.Debug|Any CPU.ActiveCfg = Debug|Any CPU
		{250342E5-8524-4380-8609-21E2D3C5260C}.Debug|Any CPU.Build.0 = Debug|Any CPU
		{250342E5-8524-4380-8609-21E2D3C5260C}.Release|Any CPU.ActiveCfg = Release|Any CPU
		{250342E5-8524-4380-8609-21E2D3C5260C}.Release|Any CPU.Build.0 = Release|Any CPU
		{F21B90B2-9D23-4F64-ACF1-23D93442D479}.Debug|Any CPU.ActiveCfg = Debug|Any CPU
		{F21B90B2-9D23-4F64-ACF1-23D93442D479}.Debug|Any CPU.Build.0 = Debug|Any CPU
		{F21B90B2-9D23-4F64-ACF1-23D93442D479}.Release|Any CPU.ActiveCfg = Release|Any CPU
		{F21B90B2-9D23-4F64-ACF1-23D93442D479}.Release|Any CPU.Build.0 = Release|Any CPU
		{D162B4FA-871F-4C69-B319-00F84DB82004}.Debug|Any CPU.ActiveCfg = Debug|Any CPU
		{D162B4FA-871F-4C69-B319-00F84DB82004}.Debug|Any CPU.Build.0 = Debug|Any CPU
		{D162B4FA-871F-4C69-B319-00F84DB82004}.Release|Any CPU.ActiveCfg = Release|Any CPU
		{D162B4FA-871F-4C69-B319-00F84DB82004}.Release|Any CPU.Build.0 = Release|Any CPU
		{D8396BA0-BE77-41FB-B372-5E410CC29007}.Debug|Any CPU.ActiveCfg = Debug|Any CPU
		{D8396BA0-BE77-41FB-B372-5E410CC29007}.Debug|Any CPU.Build.0 = Debug|Any CPU
		{D8396BA0-BE77-41FB-B372-5E410CC29007}.Release|Any CPU.ActiveCfg = Release|Any CPU
		{D8396BA0-BE77-41FB-B372-5E410CC29007}.Release|Any CPU.Build.0 = Release|Any CPU
		{BD7EC3C6-7824-44AC-8381-DF2B366D1292}.Debug|Any CPU.ActiveCfg = Debug|Any CPU
		{BD7EC3C6-7824-44AC-8381-DF2B366D1292}.Debug|Any CPU.Build.0 = Debug|Any CPU
		{BD7EC3C6-7824-44AC-8381-DF2B366D1292}.Release|Any CPU.ActiveCfg = Release|Any CPU
		{BD7EC3C6-7824-44AC-8381-DF2B366D1292}.Release|Any CPU.Build.0 = Release|Any CPU
	EndGlobalSection
	GlobalSection(SolutionProperties) = preSolution
		HideSolutionNode = FALSE
	EndGlobalSection
EndGlobal
